
Microsoft Visual Studio Solution File, Format Version 12.00
# Visual Studio Version 17
VisualStudioVersion = 17.5.33627.172
MinimumVisualStudioVersion = 10.0.40219.1
Project("{FAE04EC0-301F-11D3-BF4B-00C04F79EFBC}") = "eTickets", "eTickets\eTickets.csproj", "{1B918B96-FEB4-4BB9-882A-25F65471C2FE}"
EndProject
Global
	GlobalSection(SolutionConfigurationPlatforms) = preSolution
		Debug|Any CPU = Debug|Any CPU
		Release|Any CPU = Release|Any CPU
	EndGlobalSection
	GlobalSection(ProjectConfigurationPlatforms) = postSolution
		{1B918B96-FEB4-4BB9-882A-25F65471C2FE}.Debug|Any CPU.ActiveCfg = Debug|Any CPU
		{1B918B96-FEB4-4BB9-882A-25F65471C2FE}.Debug|Any CPU.Build.0 = Debug|Any CPU
		{1B918B96-FEB4-4BB9-882A-25F65471C2FE}.Release|Any CPU.ActiveCfg = Release|Any CPU
		{1B918B96-FEB4-4BB9-882A-25F65471C2FE}.Release|Any CPU.Build.0 = Release|Any CPU
	EndGlobalSection
	GlobalSection(SolutionProperties) = preSolution
		HideSolutionNode = FALSE
	EndGlobalSection
	GlobalSection(ExtensibilityGlobals) = postSolution
		SolutionGuid = {8854AF31-62E7-47F8-B338-3045CE5D73EF}
	EndGlobalSection
EndGlobal
